
Microsoft Visual Studio Solution File, Format Version 12.00
# Visual Studio Version 16
VisualStudioVersion = 16.0.30309.148
MinimumVisualStudioVersion = 10.0.40219.1
Project("{9A19103F-16F7-4668-BE54-9A1E7A4F7556}") = "CorrectGetHash", "..\Test\CorrectGetHash.csproj", "{AFB2157E-3AEF-4034-9E94-64E0F00F2291}"
EndProject
Project("{FAE04EC0-301F-11D3-BF4B-00C04F79EFBC}") = "NullString", "NullString\NullString.csproj", "{1C15562D-1BA3-4655-BC5B-984DD65E761D}"
EndProject
Project("{FAE04EC0-301F-11D3-BF4B-00C04F79EFBC}") = "EmptyString", "EmptyString\EmptyString.csproj", "{32FD1F8C-6B87-464E-9C71-C7FDF3117ACA}"
EndProject
Project("{FAE04EC0-301F-11D3-BF4B-00C04F79EFBC}") = "WrongKey", "WrongKey\WrongKey.csproj", "{D2D5BBD4-B8FB-4B40-AF11-5EEB78BDA9B0}"
EndProject
Global
	GlobalSection(SolutionConfigurationPlatforms) = preSolution
		Debug|Any CPU = Debug|Any CPU
		Release|Any CPU = Release|Any CPU
	EndGlobalSection
	GlobalSection(ProjectConfigurationPlatforms) = postSolution
		{AFB2157E-3AEF-4034-9E94-64E0F00F2291}.Debug|Any CPU.ActiveCfg = Debug|Any CPU
		{AFB2157E-3AEF-4034-9E94-64E0F00F2291}.Debug|Any CPU.Build.0 = Debug|Any CPU
		{AFB2157E-3AEF-4034-9E94-64E0F00F2291}.Release|Any CPU.ActiveCfg = Release|Any CPU
		{AFB2157E-3AEF-4034-9E94-64E0F00F2291}.Release|Any CPU.Build.0 = Release|Any CPU
		{1C15562D-1BA3-4655-BC5B-984DD65E761D}.Debug|Any CPU.ActiveCfg = Debug|Any CPU
		{1C15562D-1BA3-4655-BC5B-984DD65E761D}.Debug|Any CPU.Build.0 = Debug|Any CPU
		{1C15562D-1BA3-4655-BC5B-984DD65E761D}.Release|Any CPU.ActiveCfg = Release|Any CPU
		{1C15562D-1BA3-4655-BC5B-984DD65E761D}.Release|Any CPU.Build.0 = Release|Any CPU
		{32FD1F8C-6B87-464E-9C71-C7FDF3117ACA}.Debug|Any CPU.ActiveCfg = Debug|Any CPU
		{32FD1F8C-6B87-464E-9C71-C7FDF3117ACA}.Debug|Any CPU.Build.0 = Debug|Any CPU
		{32FD1F8C-6B87-464E-9C71-C7FDF3117ACA}.Release|Any CPU.ActiveCfg = Release|Any CPU
		{32FD1F8C-6B87-464E-9C71-C7FDF3117ACA}.Release|Any CPU.Build.0 = Release|Any CPU
		{D2D5BBD4-B8FB-4B40-AF11-5EEB78BDA9B0}.Debug|Any CPU.ActiveCfg = Debug|Any CPU
		{D2D5BBD4-B8FB-4B40-AF11-5EEB78BDA9B0}.Debug|Any CPU.Build.0 = Debug|Any CPU
		{D2D5BBD4-B8FB-4B40-AF11-5EEB78BDA9B0}.Release|Any CPU.ActiveCfg = Release|Any CPU
		{D2D5BBD4-B8FB-4B40-AF11-5EEB78BDA9B0}.Release|Any CPU.Build.0 = Release|Any CPU
	EndGlobalSection
	GlobalSection(SolutionProperties) = preSolution
		HideSolutionNode = FALSE
	EndGlobalSection
	GlobalSection(ExtensibilityGlobals) = postSolution
		SolutionGuid = {989CB7A7-E49C-4192-B125-7CDEBD436722}
	EndGlobalSection
EndGlobal
